{
  "name": "arbitrag-flash",
  "lockfileVersion": 3,
  "requires": true,
  "packages": {
    "": {
      "dependencies": {
        "@aave/protocol-v2": "^1.0.1",
        "@openzeppelin/contracts": "^5.0.2"
      },
      "devDependencies": {
        "prettier": "^3.3.2",
        "prettier-plugin-solidity": "^1.3.1"
      }
    },
    "node_modules/@aave/protocol-v2": {
      "version": "1.0.1",
      "resolved": "https://registry.npmjs.org/@aave/protocol-v2/-/protocol-v2-1.0.1.tgz",
      "integrity": "sha512-MU3WiigW89DWDpCtvaw4rafih7RbADB45uUM/zqfnOD4g9JNUVfeT6MrjV4/DP/JPA2Iv5ySKSx+a1OfUES0Pg==",
      "dependencies": {
        "tmp-promise": "^3.0.2"
      }
    },
    "node_modules/@openzeppelin/contracts": {
      "version": "5.0.2",
      "resolved": "https://registry.npmjs.org/@openzeppelin/contracts/-/contracts-5.0.2.tgz",
      "integrity": "sha512-ytPc6eLGcHHnapAZ9S+5qsdomhjo6QBHTDRRBFfTxXIpsicMhVPouPgmUPebZZZGX7vt9USA+Z+0M0dSVtSUEA=="
    },
    "node_modules/@solidity-parser/parser": {
      "version": "0.17.0",
      "resolved": "https://registry.npmjs.org/@solidity-parser/parser/-/parser-0.17.0.tgz",
      "integrity": "sha512-Nko8R0/kUo391jsEHHxrGM07QFdnPGvlmox4rmH0kNiNAashItAilhy4Mv4pK5gQmW5f4sXAF58fwJbmlkGcVw==",
      "dev": true
    },
    "node_modules/prettier": {
      "version": "3.3.2",
      "resolved": "https://registry.npmjs.org/prettier/-/prettier-3.3.2.tgz",
      "integrity": "sha512-rAVeHYMcv8ATV5d508CFdn+8/pHPpXeIid1DdrPwXnaAdH7cqjVbpJaT5eq4yRAFU/lsbwYwSF/n5iNrdJHPQA==",
      "dev": true,
      "bin": {
        "prettier": "bin/prettier.cjs"
      },
      "engines": {
        "node": ">=14"
      },
      "funding": {
        "url": "https://github.com/prettier/prettier?sponsor=1"
      }
    },
    "node_modules/prettier-plugin-solidity": {
      "version": "1.3.1",
      "resolved": "https://registry.npmjs.org/prettier-plugin-solidity/-/prettier-plugin-solidity-1.3.1.tgz",
      "integrity": "sha512-MN4OP5I2gHAzHZG1wcuJl0FsLS3c4Cc5494bbg+6oQWBPuEamjwDvmGfFMZ6NFzsh3Efd9UUxeT7ImgjNH4ozA==",
      "dev": true,
      "dependencies": {
        "@solidity-parser/parser": "^0.17.0",
        "semver": "^7.5.4",
        "solidity-comments-extractor": "^0.0.8"
      },
      "engines": {
        "node": ">=16"
      },
      "peerDependencies": {
        "prettier": ">=2.3.0"
      }
    },
    "node_modules/semver": {
      "version": "7.6.2",
      "resolved": "https://registry.npmjs.org/semver/-/semver-7.6.2.tgz",
      "integrity": "sha512-FNAIBWCx9qcRhoHcgcJ0gvU7SN1lYU2ZXuSfl04bSC5OpvDHFyJCjdNHomPXxjQlCBU67YW64PzY7/VIEH7F2w==",
      "dev": true,
      "bin": {
        "semver": "bin/semver.js"
      },
      "engines": {
        "node": ">=10"
      }
    },
    "node_modules/solidity-comments-extractor": {
      "version": "0.0.8",
      "resolved": "https://registry.npmjs.org/solidity-comments-extractor/-/solidity-comments-extractor-0.0.8.tgz",
      "integrity": "sha512-htM7Vn6LhHreR+EglVMd2s+sZhcXAirB1Zlyrv5zBuTxieCvjfnRpd7iZk75m/u6NOlEyQ94C6TWbBn2cY7w8g==",
      "dev": true
    },
    "node_modules/tmp": {
      "version": "0.2.3",
      "resolved": "https://registry.npmjs.org/tmp/-/tmp-0.2.3.tgz",
      "integrity": "sha512-nZD7m9iCPC5g0pYmcaxogYKggSfLsdxl8of3Q/oIbqCqLLIO9IAF0GWjX1z9NZRHPiXv8Wex4yDCaZsgEw0Y8w==",
      "engines": {
        "node": ">=14.14"
      }
    },
    "node_modules/tmp-promise": {
      "version": "3.0.3",
      "resolved": "https://registry.npmjs.org/tmp-promise/-/tmp-promise-3.0.3.tgz",
      "integrity": "sha512-RwM7MoPojPxsOBYnyd2hy0bxtIlVrihNs9pj5SUvY8Zz1sQcQG2tG1hSr8PDxfgEB8RNKDhqbIlroIarSNDNsQ==",
      "dependencies": {
        "tmp": "^0.2.0"
      }
    }
  }
}
